
Microsoft Visual Studio Solution File, Format Version 12.00
# Visual Studio Version 17
VisualStudioVersion = 17.12.35527.113
MinimumVisualStudioVersion = 10.0.40219.1
Project("{FAE04EC0-301F-11D3-BF4B-00C04F79EFBC}") = "WindowsApplication", "WindowsApplication\WindowsApplication.csproj", "{6650B50D-C9CE-4EBB-8EE0-8D58FD94994C}"
EndProject
Project("{FAE04EC0-301F-11D3-BF4B-00C04F79EFBC}") = "Windows", "Windows\Windows.csproj", "{C614429F-E9E4-477B-8FE7-622895787F6C}"
EndProject
Project("{FAE04EC0-301F-11D3-BF4B-00C04F79EFBC}") = "WindowsHooks", "WindowsHooks\WindowsHooks.csproj", "{877BDD4B-7A6A-40A2-A921-0EFF0E9DC9F8}"
EndProject
Project("{FAE04EC0-301F-11D3-BF4B-00C04F79EFBC}") = "WindowsLowLevelStructs", "WindowsLowLevelStructs\WindowsLowLevelStructs.csproj", "{116D31F7-73D3-43F6-B181-C474286A1282}"
EndProject
Project("{FAE04EC0-301F-11D3-BF4B-00C04F79EFBC}") = "BasicInputs", "InputProviders\BasicInputs.csproj", "{9CC95CBC-FD90-4AD3-8831-DDED99EB1E71}"
EndProject
Project("{FAE04EC0-301F-11D3-BF4B-00C04F79EFBC}") = "WindowOutput", "WinIO\WindowOutput.csproj", "{6EE966E1-9479-4472-8CEF-0E421E370070}"
EndProject
Project("{FAE04EC0-301F-11D3-BF4B-00C04F79EFBC}") = "WindowsMessage", "WindowsMessage\WindowsMessage.csproj", "{7133308C-9641-4019-9C76-562FCEC1281A}"
EndProject
Project("{FAE04EC0-301F-11D3-BF4B-00C04F79EFBC}") = "StdExtensions", "StdExtensions\StdExtensions.csproj", "{F3296516-A7B6-4860-89D1-D33CC364D2CF}"
EndProject
Project("{FAE04EC0-301F-11D3-BF4B-00C04F79EFBC}") = "ConsoleFormater", "ConsoleFormater\ConsoleFormater.csproj", "{4CD2C1B0-8D88-407E-9F56-9AD207E2C9F3}"
EndProject
Project("{FAE04EC0-301F-11D3-BF4B-00C04F79EFBC}") = "Handles", "Handles\Handles.csproj", "{262F0312-F2AE-478B-83B6-D6BBCCD3D88C}"
EndProject
Project("{FAE04EC0-301F-11D3-BF4B-00C04F79EFBC}") = "UseCase", "UseCase\UseCase.csproj", "{B5CE64F5-C35E-4877-BC67-CC12E4F85899}"
EndProject
Global
	GlobalSection(SolutionConfigurationPlatforms) = preSolution
		Debug|Any CPU = Debug|Any CPU
		Release|Any CPU = Release|Any CPU
	EndGlobalSection
	GlobalSection(ProjectConfigurationPlatforms) = postSolution
		{6650B50D-C9CE-4EBB-8EE0-8D58FD94994C}.Debug|Any CPU.ActiveCfg = Debug|Any CPU
		{6650B50D-C9CE-4EBB-8EE0-8D58FD94994C}.Debug|Any CPU.Build.0 = Debug|Any CPU
		{6650B50D-C9CE-4EBB-8EE0-8D58FD94994C}.Release|Any CPU.ActiveCfg = Release|Any CPU
		{6650B50D-C9CE-4EBB-8EE0-8D58FD94994C}.Release|Any CPU.Build.0 = Release|Any CPU
		{C614429F-E9E4-477B-8FE7-622895787F6C}.Debug|Any CPU.ActiveCfg = Debug|Any CPU
		{C614429F-E9E4-477B-8FE7-622895787F6C}.Debug|Any CPU.Build.0 = Debug|Any CPU
		{C614429F-E9E4-477B-8FE7-622895787F6C}.Release|Any CPU.ActiveCfg = Release|Any CPU
		{C614429F-E9E4-477B-8FE7-622895787F6C}.Release|Any CPU.Build.0 = Release|Any CPU
		{877BDD4B-7A6A-40A2-A921-0EFF0E9DC9F8}.Debug|Any CPU.ActiveCfg = Debug|Any CPU
		{877BDD4B-7A6A-40A2-A921-0EFF0E9DC9F8}.Debug|Any CPU.Build.0 = Debug|Any CPU
		{877BDD4B-7A6A-40A2-A921-0EFF0E9DC9F8}.Release|Any CPU.ActiveCfg = Release|Any CPU
		{877BDD4B-7A6A-40A2-A921-0EFF0E9DC9F8}.Release|Any CPU.Build.0 = Release|Any CPU
		{116D31F7-73D3-43F6-B181-C474286A1282}.Debug|Any CPU.ActiveCfg = Debug|Any CPU
		{116D31F7-73D3-43F6-B181-C474286A1282}.Debug|Any CPU.Build.0 = Debug|Any CPU
		{116D31F7-73D3-43F6-B181-C474286A1282}.Release|Any CPU.ActiveCfg = Release|Any CPU
		{116D31F7-73D3-43F6-B181-C474286A1282}.Release|Any CPU.Build.0 = Release|Any CPU
		{9CC95CBC-FD90-4AD3-8831-DDED99EB1E71}.Debug|Any CPU.ActiveCfg = Debug|Any CPU
		{9CC95CBC-FD90-4AD3-8831-DDED99EB1E71}.Debug|Any CPU.Build.0 = Debug|Any CPU
		{9CC95CBC-FD90-4AD3-8831-DDED99EB1E71}.Release|Any CPU.ActiveCfg = Release|Any CPU
		{9CC95CBC-FD90-4AD3-8831-DDED99EB1E71}.Release|Any CPU.Build.0 = Release|Any CPU
		{6EE966E1-9479-4472-8CEF-0E421E370070}.Debug|Any CPU.ActiveCfg = Debug|Any CPU
		{6EE966E1-9479-4472-8CEF-0E421E370070}.Debug|Any CPU.Build.0 = Debug|Any CPU
		{6EE966E1-9479-4472-8CEF-0E421E370070}.Release|Any CPU.ActiveCfg = Release|Any CPU
		{6EE966E1-9479-4472-8CEF-0E421E370070}.Release|Any CPU.Build.0 = Release|Any CPU
		{7133308C-9641-4019-9C76-562FCEC1281A}.Debug|Any CPU.ActiveCfg = Debug|Any CPU
		{7133308C-9641-4019-9C76-562FCEC1281A}.Debug|Any CPU.Build.0 = Debug|Any CPU
		{7133308C-9641-4019-9C76-562FCEC1281A}.Release|Any CPU.ActiveCfg = Release|Any CPU
		{7133308C-9641-4019-9C76-562FCEC1281A}.Release|Any CPU.Build.0 = Release|Any CPU
		{F3296516-A7B6-4860-89D1-D33CC364D2CF}.Debug|Any CPU.ActiveCfg = Debug|Any CPU
		{F3296516-A7B6-4860-89D1-D33CC364D2CF}.Debug|Any CPU.Build.0 = Debug|Any CPU
		{F3296516-A7B6-4860-89D1-D33CC364D2CF}.Release|Any CPU.ActiveCfg = Release|Any CPU
		{F3296516-A7B6-4860-89D1-D33CC364D2CF}.Release|Any CPU.Build.0 = Release|Any CPU
		{4CD2C1B0-8D88-407E-9F56-9AD207E2C9F3}.Debug|Any CPU.ActiveCfg = Debug|Any CPU
		{4CD2C1B0-8D88-407E-9F56-9AD207E2C9F3}.Debug|Any CPU.Build.0 = Debug|Any CPU
		{4CD2C1B0-8D88-407E-9F56-9AD207E2C9F3}.Release|Any CPU.ActiveCfg = Release|Any CPU
		{4CD2C1B0-8D88-407E-9F56-9AD207E2C9F3}.Release|Any CPU.Build.0 = Release|Any CPU
		{262F0312-F2AE-478B-83B6-D6BBCCD3D88C}.Debug|Any CPU.ActiveCfg = Debug|Any CPU
		{262F0312-F2AE-478B-83B6-D6BBCCD3D88C}.Debug|Any CPU.Build.0 = Debug|Any CPU
		{262F0312-F2AE-478B-83B6-D6BBCCD3D88C}.Release|Any CPU.ActiveCfg = Release|Any CPU
		{262F0312-F2AE-478B-83B6-D6BBCCD3D88C}.Release|Any CPU.Build.0 = Release|Any CPU
		{B5CE64F5-C35E-4877-BC67-CC12E4F85899}.Debug|Any CPU.ActiveCfg = Debug|Any CPU
		{B5CE64F5-C35E-4877-BC67-CC12E4F85899}.Debug|Any CPU.Build.0 = Debug|Any CPU
		{B5CE64F5-C35E-4877-BC67-CC12E4F85899}.Release|Any CPU.ActiveCfg = Release|Any CPU
		{B5CE64F5-C35E-4877-BC67-CC12E4F85899}.Release|Any CPU.Build.0 = Release|Any CPU
	EndGlobalSection
	GlobalSection(SolutionProperties) = preSolution
		HideSolutionNode = FALSE
	EndGlobalSection
	GlobalSection(ExtensibilityGlobals) = postSolution
		SolutionGuid = {4B64B783-1FA9-4619-84A3-45F3749DBDD6}
	EndGlobalSection
EndGlobal
